
Microsoft Visual Studio Solution File, Format Version 12.00
# Visual Studio Version 17
VisualStudioVersion = 17.0.32014.148
MinimumVisualStudioVersion = 10.0.40219.1
Project("{FAE04EC0-301F-11D3-BF4B-00C04F79EFBC}") = "SwaggerWithASPNETCore.WebAPI", "SwaggerWithASPNETCore.WebAPI\SwaggerWithASPNETCore.WebAPI.csproj", "{2680454D-A5F2-4121-B89A-3DD12AA51DDA}"
EndProject
Global
	GlobalSection(SolutionConfigurationPlatforms) = preSolution
		Debug|Any CPU = Debug|Any CPU
		Release|Any CPU = Release|Any CPU
	EndGlobalSection
	GlobalSection(ProjectConfigurationPlatforms) = postSolution
		{2680454D-A5F2-4121-B89A-3DD12AA51DDA}.Debug|Any CPU.ActiveCfg = Debug|Any CPU
		{2680454D-A5F2-4121-B89A-3DD12AA51DDA}.Debug|Any CPU.Build.0 = Debug|Any CPU
		{2680454D-A5F2-4121-B89A-3DD12AA51DDA}.Release|Any CPU.ActiveCfg = Release|Any CPU
		{2680454D-A5F2-4121-B89A-3DD12AA51DDA}.Release|Any CPU.Build.0 = Release|Any CPU
	EndGlobalSection
	GlobalSection(SolutionProperties) = preSolution
		HideSolutionNode = FALSE
	EndGlobalSection
	GlobalSection(ExtensibilityGlobals) = postSolution
		SolutionGuid = {584C5F71-18E1-466A-B003-60304B175BA4}
	EndGlobalSection
EndGlobal
